
Microsoft Visual Studio Solution File, Format Version 12.00
# Visual Studio 14
VisualStudioVersion = 14.0.23107.0
MinimumVisualStudioVersion = 10.0.40219.1
Project("{FAE04EC0-301F-11D3-BF4B-00C04F79EFBC}") = "IM.SqlBulkCopy.Command", "IM.SqlBulkCopy.Command\IM.SqlBulkCopy.Command.csproj", "{59FBC34D-C175-4AAC-9A4C-F51D8EAE5242}"
EndProject
Project("{00D1A9C2-B5F0-4AF3-8072-F6C62B433612}") = "IM.SqlBulkCopy.DB", "IM.SqlBulkCopy.DB\IM.SqlBulkCopy.DB.sqlproj", "{4974EFD9-AC91-4FAD-83E1-B0D1A9C3E9CF}"
EndProject
Global
	GlobalSection(SolutionConfigurationPlatforms) = preSolution
		Debug|Any CPU = Debug|Any CPU
		Release|Any CPU = Release|Any CPU
	EndGlobalSection
	GlobalSection(ProjectConfigurationPlatforms) = postSolution
		{59FBC34D-C175-4AAC-9A4C-F51D8EAE5242}.Debug|Any CPU.ActiveCfg = Debug|Any CPU
		{59FBC34D-C175-4AAC-9A4C-F51D8EAE5242}.Debug|Any CPU.Build.0 = Debug|Any CPU
		{59FBC34D-C175-4AAC-9A4C-F51D8EAE5242}.Release|Any CPU.ActiveCfg = Release|Any CPU
		{59FBC34D-C175-4AAC-9A4C-F51D8EAE5242}.Release|Any CPU.Build.0 = Release|Any CPU
		{4974EFD9-AC91-4FAD-83E1-B0D1A9C3E9CF}.Debug|Any CPU.ActiveCfg = Debug|Any CPU
		{4974EFD9-AC91-4FAD-83E1-B0D1A9C3E9CF}.Debug|Any CPU.Build.0 = Debug|Any CPU
		{4974EFD9-AC91-4FAD-83E1-B0D1A9C3E9CF}.Debug|Any CPU.Deploy.0 = Debug|Any CPU
		{4974EFD9-AC91-4FAD-83E1-B0D1A9C3E9CF}.Release|Any CPU.ActiveCfg = Release|Any CPU
		{4974EFD9-AC91-4FAD-83E1-B0D1A9C3E9CF}.Release|Any CPU.Build.0 = Release|Any CPU
		{4974EFD9-AC91-4FAD-83E1-B0D1A9C3E9CF}.Release|Any CPU.Deploy.0 = Release|Any CPU
	EndGlobalSection
	GlobalSection(SolutionProperties) = preSolution
		HideSolutionNode = FALSE
	EndGlobalSection
EndGlobal
